
Microsoft Visual Studio Solution File, Format Version 12.00
# Visual Studio Version 17
VisualStudioVersion = 17.5.33627.172
MinimumVisualStudioVersion = 10.0.40219.1
Project("{FAE04EC0-301F-11D3-BF4B-00C04F79EFBC}") = "CarBuilder", "CarBuilder\CarBuilder.csproj", "{AC8C718F-F432-4EBD-B7EF-3E8FF35349BB}"
EndProject
Global
	GlobalSection(SolutionConfigurationPlatforms) = preSolution
		Debug|Any CPU = Debug|Any CPU
		Release|Any CPU = Release|Any CPU
	EndGlobalSection
	GlobalSection(ProjectConfigurationPlatforms) = postSolution
		{AC8C718F-F432-4EBD-B7EF-3E8FF35349BB}.Debug|Any CPU.ActiveCfg = Debug|Any CPU
		{AC8C718F-F432-4EBD-B7EF-3E8FF35349BB}.Debug|Any CPU.Build.0 = Debug|Any CPU
		{AC8C718F-F432-4EBD-B7EF-3E8FF35349BB}.Release|Any CPU.ActiveCfg = Release|Any CPU
		{AC8C718F-F432-4EBD-B7EF-3E8FF35349BB}.Release|Any CPU.Build.0 = Release|Any CPU
	EndGlobalSection
	GlobalSection(SolutionProperties) = preSolution
		HideSolutionNode = FALSE
	EndGlobalSection
	GlobalSection(ExtensibilityGlobals) = postSolution
		SolutionGuid = {473B6977-442A-412E-B479-34AFB5E042F9}
	EndGlobalSection
EndGlobal
